
Microsoft Visual Studio Solution File, Format Version 12.00
# Visual Studio Version 17
VisualStudioVersion = 17.11.35303.130
MinimumVisualStudioVersion = 10.0.40219.1
Project("{FAE04EC0-301F-11D3-BF4B-00C04F79EFBC}") = "ContactSphere.Maui", "ContactSphere.Maui\ContactSphere.Maui.csproj", "{48AF3EF4-6C16-422F-96E3-808633AFAF92}"
EndProject
Global
	GlobalSection(SolutionConfigurationPlatforms) = preSolution
		Debug|Any CPU = Debug|Any CPU
		Release|Any CPU = Release|Any CPU
	EndGlobalSection
	GlobalSection(ProjectConfigurationPlatforms) = postSolution
		{48AF3EF4-6C16-422F-96E3-808633AFAF92}.Debug|Any CPU.ActiveCfg = Debug|Any CPU
		{48AF3EF4-6C16-422F-96E3-808633AFAF92}.Debug|Any CPU.Build.0 = Debug|Any CPU
		{48AF3EF4-6C16-422F-96E3-808633AFAF92}.Debug|Any CPU.Deploy.0 = Debug|Any CPU
		{48AF3EF4-6C16-422F-96E3-808633AFAF92}.Release|Any CPU.ActiveCfg = Release|Any CPU
		{48AF3EF4-6C16-422F-96E3-808633AFAF92}.Release|Any CPU.Build.0 = Release|Any CPU
		{48AF3EF4-6C16-422F-96E3-808633AFAF92}.Release|Any CPU.Deploy.0 = Release|Any CPU
	EndGlobalSection
	GlobalSection(SolutionProperties) = preSolution
		HideSolutionNode = FALSE
	EndGlobalSection
	GlobalSection(ExtensibilityGlobals) = postSolution
		SolutionGuid = {7DCC9750-8789-45AC-B21B-4164F5FCE42B}
	EndGlobalSection
EndGlobal
